// !$*UTF8*$!
{
	archiveVersion = 1;
	classes = {
	};
	objectVersion = 46;
	objects = {

/* Begin PBXBuildFile section */
		BEBFE42419985EDC00AF706C /* Foundation.framework in Frameworks */ = {isa = PBXBuildFile; fileRef = BEBFE42319985EDC00AF706C /* Foundation.framework */; };
		BEBFE42619985EDC00AF706C /* CoreGraphics.framework in Frameworks */ = {isa = PBXBuildFile; fileRef = BEBFE42519985EDC00AF706C /* CoreGraphics.framework */; };
		BEBFE42819985EDC00AF706C /* UIKit.framework in Frameworks */ = {isa = PBXBuildFile; fileRef = BEBFE42719985EDC00AF706C /* UIKit.framework */; };
		BEBFE42E19985EDC00AF706C /* InfoPlist.strings in Resources */ = {isa = PBXBuildFile; fileRef = BEBFE42C19985EDC00AF706C /* InfoPlist.strings */; };
		BEBFE43019985EDC00AF706C /* main.m in Sources */ = {isa = PBXBuildFile; fileRef = BEBFE42F19985EDC00AF706C /* main.m */; };
		BEBFE43419985EDC00AF706C /* AppDelegate.m in Sources */ = {isa = PBXBuildFile; fileRef = BEBFE43319985EDC00AF706C /* AppDelegate.m */; };
		BEBFE43719985EDC00AF706C /* Main_iPhone.storyboard in Resources */ = {isa = PBXBuildFile; fileRef = BEBFE43519985EDC00AF706C /* Main_iPhone.storyboard */; };
		BEBFE43A19985EDC00AF706C /* Main_iPad.storyboard in Resources */ = {isa = PBXBuildFile; fileRef = BEBFE43819985EDC00AF706C /* Main_iPad.storyboard */; };
		BEBFE43D19985EDC00AF706C /* ViewController.m in Sources */ = {isa = PBXBuildFile; fileRef = BEBFE43C19985EDC00AF706C /* ViewController.m */; };
		BEBFE43F19985EDC00AF706C /* Images.xcassets in Resources */ = {isa = PBXBuildFile; fileRef = BEBFE43E19985EDC00AF706C /* Images.xcassets */; };
		BEBFE44619985EDC00AF706C /* XCTest.framework in Frameworks */ = {isa = PBXBuildFile; fileRef = BEBFE44519985EDC00AF706C /* XCTest.framework */; };
		BEBFE44719985EDC00AF706C /* Foundation.framework in Frameworks */ = {isa = PBXBuildFile; fileRef = BEBFE42319985EDC00AF706C /* Foundation.framework */; };
		BEBFE44819985EDD00AF706C /* UIKit.framework in Frameworks */ = {isa = PBXBuildFile; fileRef = BEBFE42719985EDC00AF706C /* UIKit.framework */; };
		BEBFE45019985EDD00AF706C /* InfoPlist.strings in Resources */ = {isa = PBXBuildFile; fileRef = BEBFE44E19985EDD00AF706C /* InfoPlist.strings */; };
		BEBFE45219985EDD00AF706C /* StubApplicationTests.m in Sources */ = {isa = PBXBuildFile; fileRef = BEBFE45119985EDD00AF706C /* StubApplicationTests.m */; };
/* End PBXBuildFile section */

/* Begin PBXContainerItemProxy section */
		BEBFE44919985EDD00AF706C /* PBXContainerItemProxy */ = {
			isa = PBXContainerItemProxy;
			containerPortal = BEBFE41819985EDC00AF706C /* Project object */;
			proxyType = 1;
			remoteGlobalIDString = BEBFE41F19985EDC00AF706C;
			remoteInfo = StubApplication;
		};
/* End PBXContainerItemProxy section */

/* Begin PBXFileReference section */
		BEBFE42019985EDC00AF706C /* StubApplication.app */ = {isa = PBXFileReference; explicitFileType = wrapper.application; includeInIndex = 0; path = StubApplication.app; sourceTree = BUILT_PRODUCTS_DIR; };
		BEBFE42319985EDC00AF706C /* Foundation.framework */ = {isa = PBXFileReference; lastKnownFileType = wrapper.framework; name = Foundation.framework; path = System/Library/Frameworks/Foundation.framework; sourceTree = SDKROOT; };
		BEBFE42519985EDC00AF706C /* CoreGraphics.framework */ = {isa = PBXFileReference; lastKnownFileType = wrapper.framework; name = CoreGraphics.framework; path = System/Library/Frameworks/CoreGraphics.framework; sourceTree = SDKROOT; };
		BEBFE42719985EDC00AF706C /* UIKit.framework */ = {isa = PBXFileReference; lastKnownFileType = wrapper.framework; name = UIKit.framework; path = System/Library/Frameworks/UIKit.framework; sourceTree = SDKROOT; };
		BEBFE42B19985EDC00AF706C /* StubApplication-Info.plist */ = {isa = PBXFileReference; lastKnownFileType = text.plist.xml; path = "StubApplication-Info.plist"; sourceTree = "<group>"; };
		BEBFE42D19985EDC00AF706C /* en */ = {isa = PBXFileReference; lastKnownFileType = text.plist.strings; name = en; path = en.lproj/InfoPlist.strings; sourceTree = "<group>"; };
		BEBFE42F19985EDC00AF706C /* main.m */ = {isa = PBXFileReference; lastKnownFileType = sourcecode.c.objc; path = main.m; sourceTree = "<group>"; };
		BEBFE43119985EDC00AF706C /* StubApplication-Prefix.pch */ = {isa = PBXFileReference; lastKnownFileType = sourcecode.c.h; path = "StubApplication-Prefix.pch"; sourceTree = "<group>"; };
		BEBFE43219985EDC00AF706C /* AppDelegate.h */ = {isa = PBXFileReference; lastKnownFileType = sourcecode.c.h; path = AppDelegate.h; sourceTree = "<group>"; };
		BEBFE43319985EDC00AF706C /* AppDelegate.m */ = {isa = PBXFileReference; lastKnownFileType = sourcecode.c.objc; path = AppDelegate.m; sourceTree = "<group>"; };
		BEBFE43619985EDC00AF706C /* Base */ = {isa = PBXFileReference; lastKnownFileType = file.storyboard; name = Base; path = Base.lproj/Main_iPhone.storyboard; sourceTree = "<group>"; };
		BEBFE43919985EDC00AF706C /* Base */ = {isa = PBXFileReference; lastKnownFileType = file.storyboard; name = Base; path = Base.lproj/Main_iPad.storyboard; sourceTree = "<group>"; };
		BEBFE43B19985EDC00AF706C /* ViewController.h */ = {isa = PBXFileReference; lastKnownFileType = sourcecode.c.h; path = ViewController.h; sourceTree = "<group>"; };
		BEBFE43C19985EDC00AF706C /* ViewController.m */ = {isa = PBXFileReference; lastKnownFileType = sourcecode.c.objc; path = ViewController.m; sourceTree = "<group>"; };
		BEBFE43E19985EDC00AF706C /* Images.xcassets */ = {isa = PBXFileReference; lastKnownFileType = folder.assetcatalog; path = Images.xcassets; sourceTree = "<group>"; };
		BEBFE44419985EDC00AF706C /* StubApplicationTests.xctest */ = {isa = PBXFileReference; explicitFileType = wrapper.cfbundle; includeInIndex = 0; path = StubApplicationTests.xctest; sourceTree = BUILT_PRODUCTS_DIR; };
		BEBFE44519985EDC00AF706C /* XCTest.framework */ = {isa = PBXFileReference; lastKnownFileType = wrapper.framework; name = XCTest.framework; path = Library/Frameworks/XCTest.framework; sourceTree = DEVELOPER_DIR; };
		BEBFE44D19985EDD00AF706C /* StubApplicationTests-Info.plist */ = {isa = PBXFileReference; lastKnownFileType = text.plist.xml; path = "StubApplicationTests-Info.plist"; sourceTree = "<group>"; };
		BEBFE44F19985EDD00AF706C /* en */ = {isa = PBXFileReference; lastKnownFileType = text.plist.strings; name = en; path = en.lproj/InfoPlist.strings; sourceTree = "<group>"; };
		BEBFE45119985EDD00AF706C /* StubApplicationTests.m */ = {isa = PBXFileReference; lastKnownFileType = sourcecode.c.objc; path = StubApplicationTests.m; sourceTree = "<group>"; };
/* End PBXFileReference section */

/* Begin PBXFrameworksBuildPhase section */
		BEBFE41D19985EDC00AF706C /* Frameworks */ = {
			isa = PBXFrameworksBuildPhase;
			buildActionMask = 2147483647;
			files = (
				BEBFE42619985EDC00AF706C /* CoreGraphics.framework in Frameworks */,
				BEBFE42819985EDC00AF706C /* UIKit.framework in Frameworks */,
				BEBFE42419985EDC00AF706C /* Foundation.framework in Frameworks */,
			);
			runOnlyForDeploymentPostprocessing = 0;
		};
		BEBFE44119985EDC00AF706C /* Frameworks */ = {
			isa = PBXFrameworksBuildPhase;
			buildActionMask = 2147483647;
			files = (
				BEBFE44619985EDC00AF706C /* XCTest.framework in Frameworks */,
				BEBFE44819985EDD00AF706C /* UIKit.framework in Frameworks */,
				BEBFE44719985EDC00AF706C /* Foundation.framework in Frameworks */,
			);
			runOnlyForDeploymentPostprocessing = 0;
		};
/* End PBXFrameworksBuildPhase section */

/* Begin PBXGroup section */
		BEBFE41719985EDC00AF706C = {
			isa = PBXGroup;
			children = (
				BEBFE42919985EDC00AF706C /* StubApplication */,
				BEBFE44B19985EDD00AF706C /* StubApplicationTests */,
				BEBFE42219985EDC00AF706C /* Frameworks */,
				BEBFE42119985EDC00AF706C /* Products */,
			);
			sourceTree = "<group>";
		};
		BEBFE42119985EDC00AF706C /* Products */ = {
			isa = PBXGroup;
			children = (
				BEBFE42019985EDC00AF706C /* StubApplication.app */,
				BEBFE44419985EDC00AF706C /* StubApplicationTests.xctest */,
			);
			name = Products;
			sourceTree = "<group>";
		};
		BEBFE42219985EDC00AF706C /* Frameworks */ = {
			isa = PBXGroup;
			children = (
				BEBFE42319985EDC00AF706C /* Foundation.framework */,
				BEBFE42519985EDC00AF706C /* CoreGraphics.framework */,
				BEBFE42719985EDC00AF706C /* UIKit.framework */,
				BEBFE44519985EDC00AF706C /* XCTest.framework */,
			);
			name = Frameworks;
			sourceTree = "<group>";
		};
		BEBFE42919985EDC00AF706C /* StubApplication */ = {
			isa = PBXGroup;
			children = (
				BEBFE43219985EDC00AF706C /* AppDelegate.h */,
				BEBFE43319985EDC00AF706C /* AppDelegate.m */,
				BEBFE43519985EDC00AF706C /* Main_iPhone.storyboard */,
				BEBFE43819985EDC00AF706C /* Main_iPad.storyboard */,
				BEBFE43B19985EDC00AF706C /* ViewController.h */,
				BEBFE43C19985EDC00AF706C /* ViewController.m */,
				BEBFE43E19985EDC00AF706C /* Images.xcassets */,
				BEBFE42A19985EDC00AF706C /* Supporting Files */,
			);
			path = StubApplication;
			sourceTree = "<group>";
		};
		BEBFE42A19985EDC00AF706C /* Supporting Files */ = {
			isa = PBXGroup;
			children = (
				BEBFE42B19985EDC00AF706C /* StubApplication-Info.plist */,
				BEBFE42C19985EDC00AF706C /* InfoPlist.strings */,
				BEBFE42F19985EDC00AF706C /* main.m */,
				BEBFE43119985EDC00AF706C /* StubApplication-Prefix.pch */,
			);
			name = "Supporting Files";
			sourceTree = "<group>";
		};
		BEBFE44B19985EDD00AF706C /* StubApplicationTests */ = {
			isa = PBXGroup;
			children = (
				BEBFE45119985EDD00AF706C /* StubApplicationTests.m */,
				BEBFE44C19985EDD00AF706C /* Supporting Files */,
			);
			path = StubApplicationTests;
			sourceTree = "<group>";
		};
		BEBFE44C19985EDD00AF706C /* Supporting Files */ = {
			isa = PBXGroup;
			children = (
				BEBFE44D19985EDD00AF706C /* StubApplicationTests-Info.plist */,
				BEBFE44E19985EDD00AF706C /* InfoPlist.strings */,
			);
			name = "Supporting Files";
			sourceTree = "<group>";
		};
/* End PBXGroup section */

/* Begin PBXNativeTarget section */
		BEBFE41F19985EDC00AF706C /* StubApplication */ = {
			isa = PBXNativeTarget;
			buildConfigurationList = BEBFE45519985EDD00AF706C /* Build configuration list for PBXNativeTarget "StubApplication" */;
			buildPhases = (
				BEBFE41C19985EDC00AF706C /* Sources */,
				BEBFE41D19985EDC00AF706C /* Frameworks */,
				BEBFE41E19985EDC00AF706C /* Resources */,
			);
			buildRules = (
			);
			dependencies = (
			);
			name = StubApplication;
			productName = StubApplication;
			productReference = BEBFE42019985EDC00AF706C /* StubApplication.app */;
			productType = "com.apple.product-type.application";
		};
		BEBFE44319985EDC00AF706C /* StubApplicationTests */ = {
			isa = PBXNativeTarget;
			buildConfigurationList = BEBFE45819985EDD00AF706C /* Build configuration list for PBXNativeTarget "StubApplicationTests" */;
			buildPhases = (
				BEBFE44019985EDC00AF706C /* Sources */,
				BEBFE44119985EDC00AF706C /* Frameworks */,
				BEBFE44219985EDC00AF706C /* Resources */,
			);
			buildRules = (
			);
			dependencies = (
				BEBFE44A19985EDD00AF706C /* PBXTargetDependency */,
			);
			name = StubApplicationTests;
			productName = StubApplicationTests;
			productReference = BEBFE44419985EDC00AF706C /* StubApplicationTests.xctest */;
			productType = "com.apple.product-type.bundle.unit-test";
		};
/* End PBXNativeTarget section */

/* Begin PBXProject section */
		BEBFE41819985EDC00AF706C /* Project object */ = {
			isa = PBXProject;
			attributes = {
				LastUpgradeCheck = 0510;
				ORGANIZATIONNAME = "Space Factory Studios";
				TargetAttributes = {
					BEBFE44319985EDC00AF706C = {
						TestTargetID = BEBFE41F19985EDC00AF706C;
					};
				};
			};
			buildConfigurationList = BEBFE41B19985EDC00AF706C /* Build configuration list for PBXProject "StubApplication" */;
			compatibilityVersion = "Xcode 3.2";
			developmentRegion = English;
			hasScannedForEncodings = 0;
			knownRegions = (
				en,
				Base,
			);
			mainGroup = BEBFE41719985EDC00AF706C;
			productRefGroup = BEBFE42119985EDC00AF706C /* Products */;
			projectDirPath = "";
			projectRoot = "";
			targets = (
				BEBFE41F19985EDC00AF706C /* StubApplication */,
				BEBFE44319985EDC00AF706C /* StubApplicationTests */,
			);
		};
/* End PBXProject section */

/* Begin PBXResourcesBuildPhase section */
		BEBFE41E19985EDC00AF706C /* Resources */ = {
			isa = PBXResourcesBuildPhase;
			buildActionMask = 2147483647;
			files = (
				BEBFE43A19985EDC00AF706C /* Main_iPad.storyboard in Resources */,
				BEBFE43F19985EDC00AF706C /* Images.xcassets in Resources */,
				BEBFE43719985EDC00AF706C /* Main_iPhone.storyboard in Resources */,
				BEBFE42E19985EDC00AF706C /* InfoPlist.strings in Resources */,
			);
			runOnlyForDeploymentPostprocessing = 0;
		};
		BEBFE44219985EDC00AF706C /* Resources */ = {
			isa = PBXResourcesBuildPhase;
			buildActionMask = 2147483647;
			files = (
				BEBFE45019985EDD00AF706C /* InfoPlist.strings in Resources */,
			);
			runOnlyForDeploymentPostprocessing = 0;
		};
/* End PBXResourcesBuildPhase section */

/* Begin PBXSourcesBuildPhase section */
		BEBFE41C19985EDC00AF706C /* Sources */ = {
			isa = PBXSourcesBuildPhase;
			buildActionMask = 2147483647;
			files = (
				BEBFE43D19985EDC00AF706C /* ViewController.m in Sources */,
				BEBFE43419985EDC00AF706C /* AppDelegate.m in Sources */,
				BEBFE43019985EDC00AF706C /* main.m in Sources */,
			);
			runOnlyForDeploymentPostprocessing = 0;
		};
		BEBFE44019985EDC00AF706C /* Sources */ = {
			isa = PBXSourcesBuildPhase;
			buildActionMask = 2147483647;
			files = (
				BEBFE45219985EDD00AF706C /* StubApplicationTests.m in Sources */,
			);
			runOnlyForDeploymentPostprocessing = 0;
		};
/* End PBXSourcesBuildPhase section */

/* Begin PBXTargetDependency section */
		BEBFE44A19985EDD00AF706C /* PBXTargetDependency */ = {
			isa = PBXTargetDependency;
			target = BEBFE41F19985EDC00AF706C /* StubApplication */;
			targetProxy = BEBFE44919985EDD00AF706C /* PBXContainerItemProxy */;
		};
/* End PBXTargetDependency section */

/* Begin PBXVariantGroup section */
		BEBFE42C19985EDC00AF706C /* InfoPlist.strings */ = {
			isa = PBXVariantGroup;
			children = (
				BEBFE42D19985EDC00AF706C /* en */,
			);
			name = InfoPlist.strings;
			sourceTree = "<group>";
		};
		BEBFE43519985EDC00AF706C /* Main_iPhone.storyboard */ = {
			isa = PBXVariantGroup;
			children = (
				BEBFE43619985EDC00AF706C /* Base */,
			);
			name = Main_iPhone.storyboard;
			sourceTree = "<group>";
		};
		BEBFE43819985EDC00AF706C /* Main_iPad.storyboard */ = {
			isa = PBXVariantGroup;
			children = (
				BEBFE43919985EDC00AF706C /* Base */,
			);
			name = Main_iPad.storyboard;
			sourceTree = "<group>";
		};
		BEBFE44E19985EDD00AF706C /* InfoPlist.strings */ = {
			isa = PBXVariantGroup;
			children = (
				BEBFE44F19985EDD00AF706C /* en */,
			);
			name = InfoPlist.strings;
			sourceTree = "<group>";
		};
/* End PBXVariantGroup section */

/* Begin XCBuildConfiguration section */
		BEBFE45319985EDD00AF706C /* Debug */ = {
			isa = XCBuildConfiguration;
			buildSettings = {
				ALWAYS_SEARCH_USER_PATHS = NO;
				CLANG_CXX_LANGUAGE_STANDARD = "gnu++0x";
				CLANG_CXX_LIBRARY = "libc++";
				CLANG_ENABLE_MODULES = YES;
				CLANG_ENABLE_OBJC_ARC = YES;
				CLANG_WARN_BOOL_CONVERSION = YES;
				CLANG_WARN_CONSTANT_CONVERSION = YES;
				CLANG_WARN_DIRECT_OBJC_ISA_USAGE = YES_ERROR;
				CLANG_WARN_EMPTY_BODY = YES;
				CLANG_WARN_ENUM_CONVERSION = YES;
				CLANG_WARN_INT_CONVERSION = YES;
				CLANG_WARN_OBJC_ROOT_CLASS = YES_ERROR;
				CLANG_WARN__DUPLICATE_METHOD_MATCH = YES;
				"CODE_SIGN_IDENTITY[sdk=iphoneos*]" = "iPhone Developer";
				COPY_PHASE_STRIP = NO;
				GCC_C_LANGUAGE_STANDARD = gnu99;
				GCC_DYNAMIC_NO_PIC = NO;
				GCC_OPTIMIZATION_LEVEL = 0;
				GCC_PREPROCESSOR_DEFINITIONS = (
					"DEBUG=1",
					"$(inherited)",
				);
				GCC_SYMBOLS_PRIVATE_EXTERN = NO;
				GCC_WARN_64_TO_32_BIT_CONVERSION = YES;
				GCC_WARN_ABOUT_RETURN_TYPE = YES_ERROR;
				GCC_WARN_UNDECLARED_SELECTOR = YES;
				GCC_WARN_UNINITIALIZED_AUTOS = YES_AGGRESSIVE;
				GCC_WARN_UNUSED_FUNCTION = YES;
				GCC_WARN_UNUSED_VARIABLE = YES;
				IPHONEOS_DEPLOYMENT_TARGET = 7.1;
				ONLY_ACTIVE_ARCH = YES;
				SDKROOT = iphoneos;
				TARGETED_DEVICE_FAMILY = "1,2";
			};
			name = Debug;
		};
		BEBFE45419985EDD00AF706C /* Release */ = {
			isa = XCBuildConfiguration;
			buildSettings = {
				ALWAYS_SEARCH_USER_PATHS = NO;
				CLANG_CXX_LANGUAGE_STANDARD = "gnu++0x";
				CLANG_CXX_LIBRARY = "libc++";
				CLANG_ENABLE_MODULES = YES;
				CLANG_ENABLE_OBJC_ARC = YES;
				CLANG_WARN_BOOL_CONVERSION = YES;
				CLANG_WARN_CONSTANT_CONVERSION = YES;
				CLANG_WARN_DIRECT_OBJC_ISA_USAGE = YES_ERROR;
				CLANG_WARN_EMPTY_BODY = YES;
				CLANG_WARN_ENUM_CONVERSION = YES;
				CLANG_WARN_INT_CONVERSION = YES;
				CLANG_WARN_OBJC_ROOT_CLASS = YES_ERROR;
				CLANG_WARN__DUPLICATE_METHOD_MATCH = YES;
				"CODE_SIGN_IDENTITY[sdk=iphoneos*]" = "iPhone Developer";
				COPY_PHASE_STRIP = YES;
				ENABLE_NS_ASSERTIONS = NO;
				GCC_C_LANGUAGE_STANDARD = gnu99;
				GCC_WARN_64_TO_32_BIT_CONVERSION = YES;
				GCC_WARN_ABOUT_RETURN_TYPE = YES_ERROR;
				GCC_WARN_UNDECLARED_SELECTOR = YES;
				GCC_WARN_UNINITIALIZED_AUTOS = YES_AGGRESSIVE;
				GCC_WARN_UNUSED_FUNCTION = YES;
				GCC_WARN_UNUSED_VARIABLE = YES;
				IPHONEOS_DEPLOYMENT_TARGET = 7.1;
				SDKROOT = iphoneos;
				TARGETED_DEVICE_FAMILY = "1,2";
				VALIDATE_PRODUCT = YES;
			};
			name = Release;
		};
		BEBFE45619985EDD00AF706C /* Debug */ = {
			isa = XCBuildConfiguration;
			buildSettings = {
				ASSETCATALOG_COMPILER_APPICON_NAME = AppIcon;
				ASSETCATALOG_COMPILER_LAUNCHIMAGE_NAME = LaunchImage;
				GCC_PRECOMPILE_PREFIX_HEADER = YES;
				GCC_PREFIX_HEADER = "StubApplication/StubApplication-Prefix.pch";
				INFOPLIST_FILE = "StubApplication/StubApplication-Info.plist";
				PRODUCT_NAME = "$(TARGET_NAME)";
				WRAPPER_EXTENSION = app;
			};
			name = Debug;
		};
		BEBFE45719985EDD00AF706C /* Release */ = {
			isa = XCBuildConfiguration;
			buildSettings = {
				ASSETCATALOG_COMPILER_APPICON_NAME = AppIcon;
				ASSETCATALOG_COMPILER_LAUNCHIMAGE_NAME = LaunchImage;
				GCC_PRECOMPILE_PREFIX_HEADER = YES;
				GCC_PREFIX_HEADER = "StubApplication/StubApplication-Prefix.pch";
				INFOPLIST_FILE = "StubApplication/StubApplication-Info.plist";
				PRODUCT_NAME = "$(TARGET_NAME)";
				WRAPPER_EXTENSION = app;
			};
			name = Release;
		};
		BEBFE45919985EDD00AF706C /* Debug */ = {
			isa = XCBuildConfiguration;
			buildSettings = {
				BUNDLE_LOADER = "$(BUILT_PRODUCTS_DIR)/StubApplication.app/StubApplication";
				FRAMEWORK_SEARCH_PATHS = (
					"$(SDKROOT)/Developer/Library/Frameworks",
					"$(inherited)",
					"$(DEVELOPER_FRAMEWORKS_DIR)",
				);
				GCC_PRECOMPILE_PREFIX_HEADER = YES;
				GCC_PREFIX_HEADER = "StubApplication/StubApplication-Prefix.pch";
				GCC_PREPROCESSOR_DEFINITIONS = (
					"DEBUG=1",
					"$(inherited)",
				);
				INFOPLIST_FILE = "StubApplicationTests/StubApplicationTests-Info.plist";
				PRODUCT_NAME = "$(TARGET_NAME)";
				TEST_HOST = "$(BUNDLE_LOADER)";
				WRAPPER_EXTENSION = xctest;
			};
			name = Debug;
		};
		BEBFE45A19985EDD00AF706C /* Release */ = {
			isa = XCBuildConfiguration;
			buildSettings = {
				BUNDLE_LOADER = "$(BUILT_PRODUCTS_DIR)/StubApplication.app/StubApplication";
				FRAMEWORK_SEARCH_PATHS = (
					"$(SDKROOT)/Developer/Library/Frameworks",
					"$(inherited)",
					"$(DEVELOPER_FRAMEWORKS_DIR)",
				);
				GCC_PRECOMPILE_PREFIX_HEADER = YES;
				GCC_PREFIX_HEADER = "StubApplication/StubApplication-Prefix.pch";
				INFOPLIST_FILE = "StubApplicationTests/StubApplicationTests-Info.plist";
				PRODUCT_NAME = "$(TARGET_NAME)";
				TEST_HOST = "$(BUNDLE_LOADER)";
				WRAPPER_EXTENSION = xctest;
			};
			name = Release;
		};
/* End XCBuildConfiguration section */

/* Begin XCConfigurationList section */
		BEBFE41B19985EDC00AF706C /* Build configuration list for PBXProject "StubApplication" */ = {
			isa = XCConfigurationList;
			buildConfigurations = (
				BEBFE45319985EDD00AF706C /* Debug */,
				BEBFE45419985EDD00AF706C /* Release */,
			);
			defaultConfigurationIsVisible = 0;
			defaultConfigurationName = Release;
		};
		BEBFE45519985EDD00AF706C /* Build configuration list for PBXNativeTarget "StubApplication" */ = {
			isa = XCConfigurationList;
			buildConfigurations = (
				BEBFE45619985EDD00AF706C /* Debug */,
				BEBFE45719985EDD00AF706C /* Release */,
			);
			defaultConfigurationIsVisible = 0;
		};
		BEBFE45819985EDD00AF706C /* Build configuration list for PBXNativeTarget "StubApplicationTests" */ = {
			isa = XCConfigurationList;
			buildConfigurations = (
				BEBFE45919985EDD00AF706C /* Debug */,
				BEBFE45A19985EDD00AF706C /* Release */,
			);
			defaultConfigurationIsVisible = 0;
		};
/* End XCConfigurationList section */
	};
	rootObject = BEBFE41819985EDC00AF706C /* Project object */;
}
